// !$*UTF8*$!
{
	archiveVersion = 1;
	classes = {
	};
	objectVersion = 46;
	objects = {

/* Begin PBXBuildFile section */
		36766D90693B8896E6EA4A60 /* Pods_IlliniLaundryUITests.framework in Frameworks */ = {isa = PBXBuildFile; fileRef = 1A791CB167740414750DA77E /* Pods_IlliniLaundryUITests.framework */; };
		390A8E131E48345700018855 /* AppDelegate.swift in Sources */ = {isa = PBXBuildFile; fileRef = 390A8E121E48345700018855 /* AppDelegate.swift */; };
		390A8E151E48345700018855 /* LaundryMachinesViewController.swift in Sources */ = {isa = PBXBuildFile; fileRef = 390A8E141E48345700018855 /* LaundryMachinesViewController.swift */; };
		390A8E181E48345700018855 /* LaundryMachines.storyboard in Resources */ = {isa = PBXBuildFile; fileRef = 390A8E161E48345700018855 /* LaundryMachines.storyboard */; };
		390A8E1A1E48345700018855 /* Assets.xcassets in Resources */ = {isa = PBXBuildFile; fileRef = 390A8E191E48345700018855 /* Assets.xcassets */; };
		390A8E1D1E48345700018855 /* LaunchScreen.storyboard in Resources */ = {isa = PBXBuildFile; fileRef = 390A8E1B1E48345700018855 /* LaunchScreen.storyboard */; };
		390A8E281E48345700018855 /* IlliniLaundryTests.swift in Sources */ = {isa = PBXBuildFile; fileRef = 390A8E271E48345700018855 /* IlliniLaundryTests.swift */; };
		390A8E331E48345700018855 /* IlliniLaundryUITests.swift in Sources */ = {isa = PBXBuildFile; fileRef = 390A8E321E48345700018855 /* IlliniLaundryUITests.swift */; };
		390A8E431E48362700018855 /* AllDormsViewController.swift in Sources */ = {isa = PBXBuildFile; fileRef = 390A8E421E48362700018855 /* AllDormsViewController.swift */; };
		390A8E451E48363400018855 /* MyDormsViewController.swift in Sources */ = {isa = PBXBuildFile; fileRef = 390A8E441E48363400018855 /* MyDormsViewController.swift */; };
		390A8E471E48373600018855 /* Dorms.storyboard in Resources */ = {isa = PBXBuildFile; fileRef = 390A8E461E48373600018855 /* Dorms.storyboard */; };
		390A8E4A1E484AEE00018855 /* ColorHelpers.swift in Sources */ = {isa = PBXBuildFile; fileRef = 390A8E491E484AEE00018855 /* ColorHelpers.swift */; };
		392E5EB41E4863D0006E6C7F /* Constants.swift in Sources */ = {isa = PBXBuildFile; fileRef = 392E5EB31E4863D0006E6C7F /* Constants.swift */; };
		392E5EB71E486443006E6C7F /* GenericDormViewController.swift in Sources */ = {isa = PBXBuildFile; fileRef = 392E5EB61E486443006E6C7F /* GenericDormViewController.swift */; };
		39C073421E48CDE400075ADE /* GenericDorm.storyboard in Resources */ = {isa = PBXBuildFile; fileRef = 39C073411E48CDE400075ADE /* GenericDorm.storyboard */; };
		502E4CCD9F67EF66A73D0D85 /* Pods_IlliniLaundry.framework in Frameworks */ = {isa = PBXBuildFile; fileRef = 749630EBD3DC1F592BDA5107 /* Pods_IlliniLaundry.framework */; };
		D4A21CCF7FA8A860C294829D /* Pods_IlliniLaundryTests.framework in Frameworks */ = {isa = PBXBuildFile; fileRef = 6A5E07C52F5C0BAD7F2FE824 /* Pods_IlliniLaundryTests.framework */; };
/* End PBXBuildFile section */

/* Begin PBXContainerItemProxy section */
		390A8E241E48345700018855 /* PBXContainerItemProxy */ = {
			isa = PBXContainerItemProxy;
			containerPortal = 390A8E071E48345700018855 /* Project object */;
			proxyType = 1;
			remoteGlobalIDString = 390A8E0E1E48345700018855;
			remoteInfo = IlliniLaundry;
		};
		390A8E2F1E48345700018855 /* PBXContainerItemProxy */ = {
			isa = PBXContainerItemProxy;
			containerPortal = 390A8E071E48345700018855 /* Project object */;
			proxyType = 1;
			remoteGlobalIDString = 390A8E0E1E48345700018855;
			remoteInfo = IlliniLaundry;
		};
/* End PBXContainerItemProxy section */

/* Begin PBXFileReference section */
		1A791CB167740414750DA77E /* Pods_IlliniLaundryUITests.framework */ = {isa = PBXFileReference; explicitFileType = wrapper.framework; includeInIndex = 0; path = Pods_IlliniLaundryUITests.framework; sourceTree = BUILT_PRODUCTS_DIR; };
		390A8E0F1E48345700018855 /* IlliniLaundry.app */ = {isa = PBXFileReference; explicitFileType = wrapper.application; includeInIndex = 0; path = IlliniLaundry.app; sourceTree = BUILT_PRODUCTS_DIR; };
		390A8E121E48345700018855 /* AppDelegate.swift */ = {isa = PBXFileReference; lastKnownFileType = sourcecode.swift; path = AppDelegate.swift; sourceTree = "<group>"; };
		390A8E141E48345700018855 /* LaundryMachinesViewController.swift */ = {isa = PBXFileReference; lastKnownFileType = sourcecode.swift; path = LaundryMachinesViewController.swift; sourceTree = "<group>"; };
		390A8E171E48345700018855 /* Base */ = {isa = PBXFileReference; lastKnownFileType = file.storyboard; name = Base; path = Base.lproj/LaundryMachines.storyboard; sourceTree = "<group>"; };
		390A8E191E48345700018855 /* Assets.xcassets */ = {isa = PBXFileReference; lastKnownFileType = folder.assetcatalog; path = Assets.xcassets; sourceTree = "<group>"; };
		390A8E1C1E48345700018855 /* Base */ = {isa = PBXFileReference; lastKnownFileType = file.storyboard; name = Base; path = Base.lproj/LaunchScreen.storyboard; sourceTree = "<group>"; };
		390A8E1E1E48345700018855 /* Info.plist */ = {isa = PBXFileReference; lastKnownFileType = text.plist.xml; path = Info.plist; sourceTree = "<group>"; };
		390A8E231E48345700018855 /* IlliniLaundryTests.xctest */ = {isa = PBXFileReference; explicitFileType = wrapper.cfbundle; includeInIndex = 0; path = IlliniLaundryTests.xctest; sourceTree = BUILT_PRODUCTS_DIR; };
		390A8E271E48345700018855 /* IlliniLaundryTests.swift */ = {isa = PBXFileReference; lastKnownFileType = sourcecode.swift; path = IlliniLaundryTests.swift; sourceTree = "<group>"; };
		390A8E291E48345700018855 /* Info.plist */ = {isa = PBXFileReference; lastKnownFileType = text.plist.xml; path = Info.plist; sourceTree = "<group>"; };
		390A8E2E1E48345700018855 /* IlliniLaundryUITests.xctest */ = {isa = PBXFileReference; explicitFileType = wrapper.cfbundle; includeInIndex = 0; path = IlliniLaundryUITests.xctest; sourceTree = BUILT_PRODUCTS_DIR; };
		390A8E321E48345700018855 /* IlliniLaundryUITests.swift */ = {isa = PBXFileReference; lastKnownFileType = sourcecode.swift; path = IlliniLaundryUITests.swift; sourceTree = "<group>"; };
		390A8E341E48345700018855 /* Info.plist */ = {isa = PBXFileReference; lastKnownFileType = text.plist.xml; path = Info.plist; sourceTree = "<group>"; };
		390A8E421E48362700018855 /* AllDormsViewController.swift */ = {isa = PBXFileReference; fileEncoding = 4; lastKnownFileType = sourcecode.swift; path = AllDormsViewController.swift; sourceTree = "<group>"; };
		390A8E441E48363400018855 /* MyDormsViewController.swift */ = {isa = PBXFileReference; fileEncoding = 4; lastKnownFileType = sourcecode.swift; path = MyDormsViewController.swift; sourceTree = "<group>"; };
		390A8E461E48373600018855 /* Dorms.storyboard */ = {isa = PBXFileReference; fileEncoding = 4; lastKnownFileType = file.storyboard; path = Dorms.storyboard; sourceTree = "<group>"; };
		390A8E491E484AEE00018855 /* ColorHelpers.swift */ = {isa = PBXFileReference; fileEncoding = 4; lastKnownFileType = sourcecode.swift; path = ColorHelpers.swift; sourceTree = "<group>"; };
		392E5EB31E4863D0006E6C7F /* Constants.swift */ = {isa = PBXFileReference; fileEncoding = 4; lastKnownFileType = sourcecode.swift; path = Constants.swift; sourceTree = "<group>"; };
		392E5EB61E486443006E6C7F /* GenericDormViewController.swift */ = {isa = PBXFileReference; fileEncoding = 4; lastKnownFileType = sourcecode.swift; path = GenericDormViewController.swift; sourceTree = "<group>"; };
		39C073411E48CDE400075ADE /* GenericDorm.storyboard */ = {isa = PBXFileReference; fileEncoding = 4; lastKnownFileType = file.storyboard; path = GenericDorm.storyboard; sourceTree = "<group>"; };
		4E775B4A338E329679B6C284 /* Pods-IlliniLaundry.release.xcconfig */ = {isa = PBXFileReference; includeInIndex = 1; lastKnownFileType = text.xcconfig; name = "Pods-IlliniLaundry.release.xcconfig"; path = "Pods/Target Support Files/Pods-IlliniLaundry/Pods-IlliniLaundry.release.xcconfig"; sourceTree = "<group>"; };
		536F942C66220D8923E05500 /* Pods-IlliniLaundryUITests.debug.xcconfig */ = {isa = PBXFileReference; includeInIndex = 1; lastKnownFileType = text.xcconfig; name = "Pods-IlliniLaundryUITests.debug.xcconfig"; path = "Pods/Target Support Files/Pods-IlliniLaundryUITests/Pods-IlliniLaundryUITests.debug.xcconfig"; sourceTree = "<group>"; };
		6A5E07C52F5C0BAD7F2FE824 /* Pods_IlliniLaundryTests.framework */ = {isa = PBXFileReference; explicitFileType = wrapper.framework; includeInIndex = 0; path = Pods_IlliniLaundryTests.framework; sourceTree = BUILT_PRODUCTS_DIR; };
		749630EBD3DC1F592BDA5107 /* Pods_IlliniLaundry.framework */ = {isa = PBXFileReference; explicitFileType = wrapper.framework; includeInIndex = 0; path = Pods_IlliniLaundry.framework; sourceTree = BUILT_PRODUCTS_DIR; };
		A8CE97C95398CC8AE6E1A984 /* Pods-IlliniLaundry.debug.xcconfig */ = {isa = PBXFileReference; includeInIndex = 1; lastKnownFileType = text.xcconfig; name = "Pods-IlliniLaundry.debug.xcconfig"; path = "Pods/Target Support Files/Pods-IlliniLaundry/Pods-IlliniLaundry.debug.xcconfig"; sourceTree = "<group>"; };
		B67391F0CE01C1053440C17B /* Pods-IlliniLaundryTests.debug.xcconfig */ = {isa = PBXFileReference; includeInIndex = 1; lastKnownFileType = text.xcconfig; name = "Pods-IlliniLaundryTests.debug.xcconfig"; path = "Pods/Target Support Files/Pods-IlliniLaundryTests/Pods-IlliniLaundryTests.debug.xcconfig"; sourceTree = "<group>"; };
		D8F46E80DDAD3DC085529C38 /* Pods-IlliniLaundryTests.release.xcconfig */ = {isa = PBXFileReference; includeInIndex = 1; lastKnownFileType = text.xcconfig; name = "Pods-IlliniLaundryTests.release.xcconfig"; path = "Pods/Target Support Files/Pods-IlliniLaundryTests/Pods-IlliniLaundryTests.release.xcconfig"; sourceTree = "<group>"; };
		EE82C82FF152268CCF94EB60 /* Pods-IlliniLaundryUITests.release.xcconfig */ = {isa = PBXFileReference; includeInIndex = 1; lastKnownFileType = text.xcconfig; name = "Pods-IlliniLaundryUITests.release.xcconfig"; path = "Pods/Target Support Files/Pods-IlliniLaundryUITests/Pods-IlliniLaundryUITests.release.xcconfig"; sourceTree = "<group>"; };
/* End PBXFileReference section */

/* Begin PBXFrameworksBuildPhase section */
		390A8E0C1E48345700018855 /* Frameworks */ = {
			isa = PBXFrameworksBuildPhase;
			buildActionMask = 2147483647;
			files = (
				502E4CCD9F67EF66A73D0D85 /* Pods_IlliniLaundry.framework in Frameworks */,
			);
			runOnlyForDeploymentPostprocessing = 0;
		};
		390A8E201E48345700018855 /* Frameworks */ = {
			isa = PBXFrameworksBuildPhase;
			buildActionMask = 2147483647;
			files = (
				D4A21CCF7FA8A860C294829D /* Pods_IlliniLaundryTests.framework in Frameworks */,
			);
			runOnlyForDeploymentPostprocessing = 0;
		};
		390A8E2B1E48345700018855 /* Frameworks */ = {
			isa = PBXFrameworksBuildPhase;
			buildActionMask = 2147483647;
			files = (
				36766D90693B8896E6EA4A60 /* Pods_IlliniLaundryUITests.framework in Frameworks */,
			);
			runOnlyForDeploymentPostprocessing = 0;
		};
/* End PBXFrameworksBuildPhase section */

/* Begin PBXGroup section */
		0C05A7AA8B15C19E1EF684E1 /* Pods */ = {
			isa = PBXGroup;
			children = (
				A8CE97C95398CC8AE6E1A984 /* Pods-IlliniLaundry.debug.xcconfig */,
				4E775B4A338E329679B6C284 /* Pods-IlliniLaundry.release.xcconfig */,
				B67391F0CE01C1053440C17B /* Pods-IlliniLaundryTests.debug.xcconfig */,
				D8F46E80DDAD3DC085529C38 /* Pods-IlliniLaundryTests.release.xcconfig */,
				536F942C66220D8923E05500 /* Pods-IlliniLaundryUITests.debug.xcconfig */,
				EE82C82FF152268CCF94EB60 /* Pods-IlliniLaundryUITests.release.xcconfig */,
			);
			name = Pods;
			sourceTree = "<group>";
		};
		390A8E061E48345700018855 = {
			isa = PBXGroup;
			children = (
				390A8E111E48345700018855 /* IlliniLaundry */,
				390A8E261E48345700018855 /* IlliniLaundryTests */,
				390A8E311E48345700018855 /* IlliniLaundryUITests */,
				390A8E101E48345700018855 /* Products */,
				0C05A7AA8B15C19E1EF684E1 /* Pods */,
				985A4800F2483F5C6C832067 /* Frameworks */,
			);
			sourceTree = "<group>";
		};
		390A8E101E48345700018855 /* Products */ = {
			isa = PBXGroup;
			children = (
				390A8E0F1E48345700018855 /* IlliniLaundry.app */,
				390A8E231E48345700018855 /* IlliniLaundryTests.xctest */,
				390A8E2E1E48345700018855 /* IlliniLaundryUITests.xctest */,
			);
			name = Products;
			sourceTree = "<group>";
		};
		390A8E111E48345700018855 /* IlliniLaundry */ = {
			isa = PBXGroup;
			children = (
				392E5EB51E486425006E6C7F /* Dorms */,
				390A8E481E484AE100018855 /* Helpers */,
				390A8E411E48361100018855 /* DormView */,
				390A8E121E48345700018855 /* AppDelegate.swift */,
				390A8E401E4834CB00018855 /* Home */,
				390A8E191E48345700018855 /* Assets.xcassets */,
				390A8E1B1E48345700018855 /* LaunchScreen.storyboard */,
				390A8E1E1E48345700018855 /* Info.plist */,
			);
			path = IlliniLaundry;
			sourceTree = "<group>";
		};
		390A8E261E48345700018855 /* IlliniLaundryTests */ = {
			isa = PBXGroup;
			children = (
				390A8E271E48345700018855 /* IlliniLaundryTests.swift */,
				390A8E291E48345700018855 /* Info.plist */,
			);
			path = IlliniLaundryTests;
			sourceTree = "<group>";
		};
		390A8E311E48345700018855 /* IlliniLaundryUITests */ = {
			isa = PBXGroup;
			children = (
				390A8E321E48345700018855 /* IlliniLaundryUITests.swift */,
				390A8E341E48345700018855 /* Info.plist */,
			);
			path = IlliniLaundryUITests;
			sourceTree = "<group>";
		};
		390A8E401E4834CB00018855 /* Home */ = {
			isa = PBXGroup;
			children = (
				390A8E141E48345700018855 /* LaundryMachinesViewController.swift */,
				390A8E161E48345700018855 /* LaundryMachines.storyboard */,
			);
			name = Home;
			sourceTree = "<group>";
		};
		390A8E411E48361100018855 /* DormView */ = {
			isa = PBXGroup;
			children = (
				390A8E421E48362700018855 /* AllDormsViewController.swift */,
				390A8E441E48363400018855 /* MyDormsViewController.swift */,
				390A8E461E48373600018855 /* Dorms.storyboard */,
			);
			name = DormView;
			sourceTree = "<group>";
		};
		390A8E481E484AE100018855 /* Helpers */ = {
			isa = PBXGroup;
			children = (
				390A8E491E484AEE00018855 /* ColorHelpers.swift */,
				392E5EB31E4863D0006E6C7F /* Constants.swift */,
			);
			name = Helpers;
			sourceTree = "<group>";
		};
		392E5EB51E486425006E6C7F /* Dorms */ = {
			isa = PBXGroup;
			children = (
				392E5EB61E486443006E6C7F /* GenericDormViewController.swift */,
				39C073411E48CDE400075ADE /* GenericDorm.storyboard */,
			);
			name = Dorms;
			sourceTree = "<group>";
		};
		985A4800F2483F5C6C832067 /* Frameworks */ = {
			isa = PBXGroup;
			children = (
				749630EBD3DC1F592BDA5107 /* Pods_IlliniLaundry.framework */,
				6A5E07C52F5C0BAD7F2FE824 /* Pods_IlliniLaundryTests.framework */,
				1A791CB167740414750DA77E /* Pods_IlliniLaundryUITests.framework */,
			);
			name = Frameworks;
			sourceTree = "<group>";
		};
/* End PBXGroup section */

/* Begin PBXNativeTarget section */
		390A8E0E1E48345700018855 /* IlliniLaundry */ = {
			isa = PBXNativeTarget;
			buildConfigurationList = 390A8E371E48345700018855 /* Build configuration list for PBXNativeTarget "IlliniLaundry" */;
			buildPhases = (
				791923F764D9FEBF314A8DCD /* [CP] Check Pods Manifest.lock */,
				390A8E0B1E48345700018855 /* Sources */,
				390A8E0C1E48345700018855 /* Frameworks */,
				390A8E0D1E48345700018855 /* Resources */,
				5AAC508C5C7E74C850EA2AEB /* [CP] Embed Pods Frameworks */,
				A71C185289B9FF459EF3E9B9 /* [CP] Copy Pods Resources */,
			);
			buildRules = (
			);
			dependencies = (
			);
			name = IlliniLaundry;
			productName = IlliniLaundry;
			productReference = 390A8E0F1E48345700018855 /* IlliniLaundry.app */;
			productType = "com.apple.product-type.application";
		};
		390A8E221E48345700018855 /* IlliniLaundryTests */ = {
			isa = PBXNativeTarget;
			buildConfigurationList = 390A8E3A1E48345700018855 /* Build configuration list for PBXNativeTarget "IlliniLaundryTests" */;
			buildPhases = (
				0C8A5EE5D7298A88F81D7B77 /* [CP] Check Pods Manifest.lock */,
				390A8E1F1E48345700018855 /* Sources */,
				390A8E201E48345700018855 /* Frameworks */,
				390A8E211E48345700018855 /* Resources */,
				9CE5E662BFB209FCFB28F706 /* [CP] Embed Pods Frameworks */,
				150DCBD4AA12E23266458610 /* [CP] Copy Pods Resources */,
			);
			buildRules = (
			);
			dependencies = (
				390A8E251E48345700018855 /* PBXTargetDependency */,
			);
			name = IlliniLaundryTests;
			productName = IlliniLaundryTests;
			productReference = 390A8E231E48345700018855 /* IlliniLaundryTests.xctest */;
			productType = "com.apple.product-type.bundle.unit-test";
		};
		390A8E2D1E48345700018855 /* IlliniLaundryUITests */ = {
			isa = PBXNativeTarget;
			buildConfigurationList = 390A8E3D1E48345700018855 /* Build configuration list for PBXNativeTarget "IlliniLaundryUITests" */;
			buildPhases = (
				7B96EC1D66870272110EDE49 /* [CP] Check Pods Manifest.lock */,
				390A8E2A1E48345700018855 /* Sources */,
				390A8E2B1E48345700018855 /* Frameworks */,
				390A8E2C1E48345700018855 /* Resources */,
				17ADA832E135DE7A19D93D72 /* [CP] Embed Pods Frameworks */,
				FF2DAE2C02DEAFA754566D29 /* [CP] Copy Pods Resources */,
			);
			buildRules = (
			);
			dependencies = (
				390A8E301E48345700018855 /* PBXTargetDependency */,
			);
			name = IlliniLaundryUITests;
			productName = IlliniLaundryUITests;
			productReference = 390A8E2E1E48345700018855 /* IlliniLaundryUITests.xctest */;
			productType = "com.apple.product-type.bundle.ui-testing";
		};
/* End PBXNativeTarget section */

/* Begin PBXProject section */
		390A8E071E48345700018855 /* Project object */ = {
			isa = PBXProject;
			attributes = {
				LastSwiftUpdateCheck = 0820;
				LastUpgradeCheck = 0820;
				ORGANIZATIONNAME = "Minhyuk Park";
				TargetAttributes = {
					390A8E0E1E48345700018855 = {
						CreatedOnToolsVersion = 8.2.1;
						DevelopmentTeam = 77488QTKB7;
						ProvisioningStyle = Automatic;
					};
					390A8E221E48345700018855 = {
						CreatedOnToolsVersion = 8.2.1;
						DevelopmentTeam = 77488QTKB7;
						ProvisioningStyle = Automatic;
						TestTargetID = 390A8E0E1E48345700018855;
					};
					390A8E2D1E48345700018855 = {
						CreatedOnToolsVersion = 8.2.1;
						DevelopmentTeam = 77488QTKB7;
						ProvisioningStyle = Automatic;
						TestTargetID = 390A8E0E1E48345700018855;
					};
				};
			};
			buildConfigurationList = 390A8E0A1E48345700018855 /* Build configuration list for PBXProject "IlliniLaundry" */;
			compatibilityVersion = "Xcode 3.2";
			developmentRegion = English;
			hasScannedForEncodings = 0;
			knownRegions = (
				en,
				Base,
			);
			mainGroup = 390A8E061E48345700018855;
			productRefGroup = 390A8E101E48345700018855 /* Products */;
			projectDirPath = "";
			projectRoot = "";
			targets = (
				390A8E0E1E48345700018855 /* IlliniLaundry */,
				390A8E221E48345700018855 /* IlliniLaundryTests */,
				390A8E2D1E48345700018855 /* IlliniLaundryUITests */,
			);
		};
/* End PBXProject section */

/* Begin PBXResourcesBuildPhase section */
		390A8E0D1E48345700018855 /* Resources */ = {
			isa = PBXResourcesBuildPhase;
			buildActionMask = 2147483647;
			files = (
				390A8E471E48373600018855 /* Dorms.storyboard in Resources */,
				39C073421E48CDE400075ADE /* GenericDorm.storyboard in Resources */,
				390A8E1D1E48345700018855 /* LaunchScreen.storyboard in Resources */,
				390A8E1A1E48345700018855 /* Assets.xcassets in Resources */,
				390A8E181E48345700018855 /* LaundryMachines.storyboard in Resources */,
			);
			runOnlyForDeploymentPostprocessing = 0;
		};
		390A8E211E48345700018855 /* Resources */ = {
			isa = PBXResourcesBuildPhase;
			buildActionMask = 2147483647;
			files = (
			);
			runOnlyForDeploymentPostprocessing = 0;
		};
		390A8E2C1E48345700018855 /* Resources */ = {
			isa = PBXResourcesBuildPhase;
			buildActionMask = 2147483647;
			files = (
			);
			runOnlyForDeploymentPostprocessing = 0;
		};
/* End PBXResourcesBuildPhase section */

/* Begin PBXShellScriptBuildPhase section */
		0C8A5EE5D7298A88F81D7B77 /* [CP] Check Pods Manifest.lock */ = {
			isa = PBXShellScriptBuildPhase;
			buildActionMask = 2147483647;
			files = (
			);
			inputPaths = (
			);
			name = "[CP] Check Pods Manifest.lock";
			outputPaths = (
			);
			runOnlyForDeploymentPostprocessing = 0;
			shellPath = /bin/sh;
			shellScript = "diff \"${PODS_ROOT}/../Podfile.lock\" \"${PODS_ROOT}/Manifest.lock\" > /dev/null\nif [ $? != 0 ] ; then\n    # print error to STDERR\n    echo \"error: The sandbox is not in sync with the Podfile.lock. Run 'pod install' or update your CocoaPods installation.\" >&2\n    exit 1\nfi\n";
			showEnvVarsInLog = 0;
		};
		150DCBD4AA12E23266458610 /* [CP] Copy Pods Resources */ = {
			isa = PBXShellScriptBuildPhase;
			buildActionMask = 2147483647;
			files = (
			);
			inputPaths = (
			);
			name = "[CP] Copy Pods Resources";
			outputPaths = (
			);
			runOnlyForDeploymentPostprocessing = 0;
			shellPath = /bin/sh;
			shellScript = "\"${SRCROOT}/Pods/Target Support Files/Pods-IlliniLaundryTests/Pods-IlliniLaundryTests-resources.sh\"\n";
			showEnvVarsInLog = 0;
		};
		17ADA832E135DE7A19D93D72 /* [CP] Embed Pods Frameworks */ = {
			isa = PBXShellScriptBuildPhase;
			buildActionMask = 2147483647;
			files = (
			);
			inputPaths = (
			);
			name = "[CP] Embed Pods Frameworks";
			outputPaths = (
			);
			runOnlyForDeploymentPostprocessing = 0;
			shellPath = /bin/sh;
			shellScript = "\"${SRCROOT}/Pods/Target Support Files/Pods-IlliniLaundryUITests/Pods-IlliniLaundryUITests-frameworks.sh\"\n";
			showEnvVarsInLog = 0;
		};
		5AAC508C5C7E74C850EA2AEB /* [CP] Embed Pods Frameworks */ = {
			isa = PBXShellScriptBuildPhase;
			buildActionMask = 2147483647;
			files = (
			);
			inputPaths = (
			);
			name = "[CP] Embed Pods Frameworks";
			outputPaths = (
			);
			runOnlyForDeploymentPostprocessing = 0;
			shellPath = /bin/sh;
			shellScript = "\"${SRCROOT}/Pods/Target Support Files/Pods-IlliniLaundry/Pods-IlliniLaundry-frameworks.sh\"\n";
			showEnvVarsInLog = 0;
		};
		791923F764D9FEBF314A8DCD /* [CP] Check Pods Manifest.lock */ = {
			isa = PBXShellScriptBuildPhase;
			buildActionMask = 2147483647;
			files = (
			);
			inputPaths = (
			);
			name = "[CP] Check Pods Manifest.lock";
			outputPaths = (
			);
			runOnlyForDeploymentPostprocessing = 0;
			shellPath = /bin/sh;
			shellScript = "diff \"${PODS_ROOT}/../Podfile.lock\" \"${PODS_ROOT}/Manifest.lock\" > /dev/null\nif [ $? != 0 ] ; then\n    # print error to STDERR\n    echo \"error: The sandbox is not in sync with the Podfile.lock. Run 'pod install' or update your CocoaPods installation.\" >&2\n    exit 1\nfi\n";
			showEnvVarsInLog = 0;
		};
		7B96EC1D66870272110EDE49 /* [CP] Check Pods Manifest.lock */ = {
			isa = PBXShellScriptBuildPhase;
			buildActionMask = 2147483647;
			files = (
			);
			inputPaths = (
			);
			name = "[CP] Check Pods Manifest.lock";
			outputPaths = (
			);
			runOnlyForDeploymentPostprocessing = 0;
			shellPath = /bin/sh;
			shellScript = "diff \"${PODS_ROOT}/../Podfile.lock\" \"${PODS_ROOT}/Manifest.lock\" > /dev/null\nif [ $? != 0 ] ; then\n    # print error to STDERR\n    echo \"error: The sandbox is not in sync with the Podfile.lock. Run 'pod install' or update your CocoaPods installation.\" >&2\n    exit 1\nfi\n";
			showEnvVarsInLog = 0;
		};
		9CE5E662BFB209FCFB28F706 /* [CP] Embed Pods Frameworks */ = {
			isa = PBXShellScriptBuildPhase;
			buildActionMask = 2147483647;
			files = (
			);
			inputPaths = (
			);
			name = "[CP] Embed Pods Frameworks";
			outputPaths = (
			);
			runOnlyForDeploymentPostprocessing = 0;
			shellPath = /bin/sh;
			shellScript = "\"${SRCROOT}/Pods/Target Support Files/Pods-IlliniLaundryTests/Pods-IlliniLaundryTests-frameworks.sh\"\n";
			showEnvVarsInLog = 0;
		};
		A71C185289B9FF459EF3E9B9 /* [CP] Copy Pods Resources */ = {
			isa = PBXShellScriptBuildPhase;
			buildActionMask = 2147483647;
			files = (
			);
			inputPaths = (
			);
			name = "[CP] Copy Pods Resources";
			outputPaths = (
			);
			runOnlyForDeploymentPostprocessing = 0;
			shellPath = /bin/sh;
			shellScript = "\"${SRCROOT}/Pods/Target Support Files/Pods-IlliniLaundry/Pods-IlliniLaundry-resources.sh\"\n";
			showEnvVarsInLog = 0;
		};
		FF2DAE2C02DEAFA754566D29 /* [CP] Copy Pods Resources */ = {
			isa = PBXShellScriptBuildPhase;
			buildActionMask = 2147483647;
			files = (
			);
			inputPaths = (
			);
			name = "[CP] Copy Pods Resources";
			outputPaths = (
			);
			runOnlyForDeploymentPostprocessing = 0;
			shellPath = /bin/sh;
			shellScript = "\"${SRCROOT}/Pods/Target Support Files/Pods-IlliniLaundryUITests/Pods-IlliniLaundryUITests-resources.sh\"\n";
			showEnvVarsInLog = 0;
		};
/* End PBXShellScriptBuildPhase section */

/* Begin PBXSourcesBuildPhase section */
		390A8E0B1E48345700018855 /* Sources */ = {
			isa = PBXSourcesBuildPhase;
			buildActionMask = 2147483647;
			files = (
				390A8E4A1E484AEE00018855 /* ColorHelpers.swift in Sources */,
				390A8E451E48363400018855 /* MyDormsViewController.swift in Sources */,
				390A8E151E48345700018855 /* LaundryMachinesViewController.swift in Sources */,
				390A8E431E48362700018855 /* AllDormsViewController.swift in Sources */,
				390A8E131E48345700018855 /* AppDelegate.swift in Sources */,
				392E5EB71E486443006E6C7F /* GenericDormViewController.swift in Sources */,
				392E5EB41E4863D0006E6C7F /* Constants.swift in Sources */,
			);
			runOnlyForDeploymentPostprocessing = 0;
		};
		390A8E1F1E48345700018855 /* Sources */ = {
			isa = PBXSourcesBuildPhase;
			buildActionMask = 2147483647;
			files = (
				390A8E281E48345700018855 /* IlliniLaundryTests.swift in Sources */,
			);
			runOnlyForDeploymentPostprocessing = 0;
		};
		390A8E2A1E48345700018855 /* Sources */ = {
			isa = PBXSourcesBuildPhase;
			buildActionMask = 2147483647;
			files = (
				390A8E331E48345700018855 /* IlliniLaundryUITests.swift in Sources */,
			);
			runOnlyForDeploymentPostprocessing = 0;
		};
/* End PBXSourcesBuildPhase section */

/* Begin PBXTargetDependency section */
		390A8E251E48345700018855 /* PBXTargetDependency */ = {
			isa = PBXTargetDependency;
			target = 390A8E0E1E48345700018855 /* IlliniLaundry */;
			targetProxy = 390A8E241E48345700018855 /* PBXContainerItemProxy */;
		};
		390A8E301E48345700018855 /* PBXTargetDependency */ = {
			isa = PBXTargetDependency;
			target = 390A8E0E1E48345700018855 /* IlliniLaundry */;
			targetProxy = 390A8E2F1E48345700018855 /* PBXContainerItemProxy */;
		};
/* End PBXTargetDependency section */

/* Begin PBXVariantGroup section */
		390A8E161E48345700018855 /* LaundryMachines.storyboard */ = {
			isa = PBXVariantGroup;
			children = (
				390A8E171E48345700018855 /* Base */,
			);
			name = LaundryMachines.storyboard;
			sourceTree = "<group>";
		};
		390A8E1B1E48345700018855 /* LaunchScreen.storyboard */ = {
			isa = PBXVariantGroup;
			children = (
				390A8E1C1E48345700018855 /* Base */,
			);
			name = LaunchScreen.storyboard;
			sourceTree = "<group>";
		};
/* End PBXVariantGroup section */

/* Begin XCBuildConfiguration section */
		390A8E351E48345700018855 /* Debug */ = {
			isa = XCBuildConfiguration;
			buildSettings = {
				ALWAYS_SEARCH_USER_PATHS = NO;
				CLANG_ANALYZER_NONNULL = YES;
				CLANG_CXX_LANGUAGE_STANDARD = "gnu++0x";
				CLANG_CXX_LIBRARY = "libc++";
				CLANG_ENABLE_MODULES = YES;
				CLANG_ENABLE_OBJC_ARC = YES;
				CLANG_WARN_BOOL_CONVERSION = YES;
				CLANG_WARN_CONSTANT_CONVERSION = YES;
				CLANG_WARN_DIRECT_OBJC_ISA_USAGE = YES_ERROR;
				CLANG_WARN_DOCUMENTATION_COMMENTS = YES;
				CLANG_WARN_EMPTY_BODY = YES;
				CLANG_WARN_ENUM_CONVERSION = YES;
				CLANG_WARN_INFINITE_RECURSION = YES;
				CLANG_WARN_INT_CONVERSION = YES;
				CLANG_WARN_OBJC_ROOT_CLASS = YES_ERROR;
				CLANG_WARN_SUSPICIOUS_MOVE = YES;
				CLANG_WARN_UNREACHABLE_CODE = YES;
				CLANG_WARN__DUPLICATE_METHOD_MATCH = YES;
				"CODE_SIGN_IDENTITY[sdk=iphoneos*]" = "iPhone Developer";
				COPY_PHASE_STRIP = NO;
				DEBUG_INFORMATION_FORMAT = dwarf;
				ENABLE_STRICT_OBJC_MSGSEND = YES;
				ENABLE_TESTABILITY = YES;
				GCC_C_LANGUAGE_STANDARD = gnu99;
				GCC_DYNAMIC_NO_PIC = NO;
				GCC_NO_COMMON_BLOCKS = YES;
				GCC_OPTIMIZATION_LEVEL = 0;
				GCC_PREPROCESSOR_DEFINITIONS = (
					"DEBUG=1",
					"$(inherited)",
				);
				GCC_WARN_64_TO_32_BIT_CONVERSION = YES;
				GCC_WARN_ABOUT_RETURN_TYPE = YES_ERROR;
				GCC_WARN_UNDECLARED_SELECTOR = YES;
				GCC_WARN_UNINITIALIZED_AUTOS = YES_AGGRESSIVE;
				GCC_WARN_UNUSED_FUNCTION = YES;
				GCC_WARN_UNUSED_VARIABLE = YES;
				IPHONEOS_DEPLOYMENT_TARGET = 10.2;
				MTL_ENABLE_DEBUG_INFO = YES;
				ONLY_ACTIVE_ARCH = YES;
				SDKROOT = iphoneos;
				SWIFT_ACTIVE_COMPILATION_CONDITIONS = DEBUG;
				SWIFT_OPTIMIZATION_LEVEL = "-Onone";
			};
			name = Debug;
		};
		390A8E361E48345700018855 /* Release */ = {
			isa = XCBuildConfiguration;
			buildSettings = {
				ALWAYS_SEARCH_USER_PATHS = NO;
				CLANG_ANALYZER_NONNULL = YES;
				CLANG_CXX_LANGUAGE_STANDARD = "gnu++0x";
				CLANG_CXX_LIBRARY = "libc++";
				CLANG_ENABLE_MODULES = YES;
				CLANG_ENABLE_OBJC_ARC = YES;
				CLANG_WARN_BOOL_CONVERSION = YES;
				CLANG_WARN_CONSTANT_CONVERSION = YES;
				CLANG_WARN_DIRECT_OBJC_ISA_USAGE = YES_ERROR;
				CLANG_WARN_DOCUMENTATION_COMMENTS = YES;
				CLANG_WARN_EMPTY_BODY = YES;
				CLANG_WARN_ENUM_CONVERSION = YES;
				CLANG_WARN_INFINITE_RECURSION = YES;
				CLANG_WARN_INT_CONVERSION = YES;
				CLANG_WARN_OBJC_ROOT_CLASS = YES_ERROR;
				CLANG_WARN_SUSPICIOUS_MOVE = YES;
				CLANG_WARN_UNREACHABLE_CODE = YES;
				CLANG_WARN__DUPLICATE_METHOD_MATCH = YES;
				"CODE_SIGN_IDENTITY[sdk=iphoneos*]" = "iPhone Developer";
				COPY_PHASE_STRIP = NO;
				DEBUG_INFORMATION_FORMAT = "dwarf-with-dsym";
				ENABLE_NS_ASSERTIONS = NO;
				ENABLE_STRICT_OBJC_MSGSEND = YES;
				GCC_C_LANGUAGE_STANDARD = gnu99;
				GCC_NO_COMMON_BLOCKS = YES;
				GCC_WARN_64_TO_32_BIT_CONVERSION = YES;
				GCC_WARN_ABOUT_RETURN_TYPE = YES_ERROR;
				GCC_WARN_UNDECLARED_SELECTOR = YES;
				GCC_WARN_UNINITIALIZED_AUTOS = YES_AGGRESSIVE;
				GCC_WARN_UNUSED_FUNCTION = YES;
				GCC_WARN_UNUSED_VARIABLE = YES;
				IPHONEOS_DEPLOYMENT_TARGET = 10.2;
				MTL_ENABLE_DEBUG_INFO = NO;
				SDKROOT = iphoneos;
				SWIFT_OPTIMIZATION_LEVEL = "-Owholemodule";
				VALIDATE_PRODUCT = YES;
			};
			name = Release;
		};
		390A8E381E48345700018855 /* Debug */ = {
			isa = XCBuildConfiguration;
			baseConfigurationReference = A8CE97C95398CC8AE6E1A984 /* Pods-IlliniLaundry.debug.xcconfig */;
			buildSettings = {
				ALWAYS_EMBED_SWIFT_STANDARD_LIBRARIES = YES;
				ASSETCATALOG_COMPILER_APPICON_NAME = AppIcon;
				DEVELOPMENT_TEAM = 77488QTKB7;
				INFOPLIST_FILE = IlliniLaundry/Info.plist;
				LD_RUNPATH_SEARCH_PATHS = "$(inherited) @executable_path/Frameworks";
				PRODUCT_BUNDLE_IDENTIFIER = com.gmail.minpark815.IlliniLaundry;
				PRODUCT_NAME = "$(TARGET_NAME)";
				SWIFT_VERSION = 3.0;
			};
			name = Debug;
		};
		390A8E391E48345700018855 /* Release */ = {
			isa = XCBuildConfiguration;
			baseConfigurationReference = 4E775B4A338E329679B6C284 /* Pods-IlliniLaundry.release.xcconfig */;
			buildSettings = {
				ALWAYS_EMBED_SWIFT_STANDARD_LIBRARIES = YES;
				ASSETCATALOG_COMPILER_APPICON_NAME = AppIcon;
				DEVELOPMENT_TEAM = 77488QTKB7;
				INFOPLIST_FILE = IlliniLaundry/Info.plist;
				LD_RUNPATH_SEARCH_PATHS = "$(inherited) @executable_path/Frameworks";
				PRODUCT_BUNDLE_IDENTIFIER = com.gmail.minpark815.IlliniLaundry;
				PRODUCT_NAME = "$(TARGET_NAME)";
				SWIFT_VERSION = 3.0;
			};
			name = Release;
		};
		390A8E3B1E48345700018855 /* Debug */ = {
			isa = XCBuildConfiguration;
			baseConfigurationReference = B67391F0CE01C1053440C17B /* Pods-IlliniLaundryTests.debug.xcconfig */;
			buildSettings = {
				ALWAYS_EMBED_SWIFT_STANDARD_LIBRARIES = YES;
				BUNDLE_LOADER = "$(TEST_HOST)";
				DEVELOPMENT_TEAM = 77488QTKB7;
				INFOPLIST_FILE = IlliniLaundryTests/Info.plist;
				LD_RUNPATH_SEARCH_PATHS = "$(inherited) @executable_path/Frameworks @loader_path/Frameworks";
				PRODUCT_BUNDLE_IDENTIFIER = com.gmail.minpark815.IlliniLaundryTests;
				PRODUCT_NAME = "$(TARGET_NAME)";
				SWIFT_VERSION = 3.0;
				TEST_HOST = "$(BUILT_PRODUCTS_DIR)/IlliniLaundry.app/IlliniLaundry";
			};
			name = Debug;
		};
		390A8E3C1E48345700018855 /* Release */ = {
			isa = XCBuildConfiguration;
			baseConfigurationReference = D8F46E80DDAD3DC085529C38 /* Pods-IlliniLaundryTests.release.xcconfig */;
			buildSettings = {
				ALWAYS_EMBED_SWIFT_STANDARD_LIBRARIES = YES;
				BUNDLE_LOADER = "$(TEST_HOST)";
				DEVELOPMENT_TEAM = 77488QTKB7;
				INFOPLIST_FILE = IlliniLaundryTests/Info.plist;
				LD_RUNPATH_SEARCH_PATHS = "$(inherited) @executable_path/Frameworks @loader_path/Frameworks";
				PRODUCT_BUNDLE_IDENTIFIER = com.gmail.minpark815.IlliniLaundryTests;
				PRODUCT_NAME = "$(TARGET_NAME)";
				SWIFT_VERSION = 3.0;
				TEST_HOST = "$(BUILT_PRODUCTS_DIR)/IlliniLaundry.app/IlliniLaundry";
			};
			name = Release;
		};
		390A8E3E1E48345700018855 /* Debug */ = {
			isa = XCBuildConfiguration;
			baseConfigurationReference = 536F942C66220D8923E05500 /* Pods-IlliniLaundryUITests.debug.xcconfig */;
			buildSettings = {
				ALWAYS_EMBED_SWIFT_STANDARD_LIBRARIES = YES;
				DEVELOPMENT_TEAM = 77488QTKB7;
				INFOPLIST_FILE = IlliniLaundryUITests/Info.plist;
				LD_RUNPATH_SEARCH_PATHS = "$(inherited) @executable_path/Frameworks @loader_path/Frameworks";
				PRODUCT_BUNDLE_IDENTIFIER = com.gmail.minpark815.IlliniLaundryUITests;
				PRODUCT_NAME = "$(TARGET_NAME)";
				SWIFT_VERSION = 3.0;
				TEST_TARGET_NAME = IlliniLaundry;
			};
			name = Debug;
		};
		390A8E3F1E48345700018855 /* Release */ = {
			isa = XCBuildConfiguration;
			baseConfigurationReference = EE82C82FF152268CCF94EB60 /* Pods-IlliniLaundryUITests.release.xcconfig */;
			buildSettings = {
				ALWAYS_EMBED_SWIFT_STANDARD_LIBRARIES = YES;
				DEVELOPMENT_TEAM = 77488QTKB7;
				INFOPLIST_FILE = IlliniLaundryUITests/Info.plist;
				LD_RUNPATH_SEARCH_PATHS = "$(inherited) @executable_path/Frameworks @loader_path/Frameworks";
				PRODUCT_BUNDLE_IDENTIFIER = com.gmail.minpark815.IlliniLaundryUITests;
				PRODUCT_NAME = "$(TARGET_NAME)";
				SWIFT_VERSION = 3.0;
				TEST_TARGET_NAME = IlliniLaundry;
			};
			name = Release;
		};
/* End XCBuildConfiguration section */

/* Begin XCConfigurationList section */
		390A8E0A1E48345700018855 /* Build configuration list for PBXProject "IlliniLaundry" */ = {
			isa = XCConfigurationList;
			buildConfigurations = (
				390A8E351E48345700018855 /* Debug */,
				390A8E361E48345700018855 /* Release */,
			);
			defaultConfigurationIsVisible = 0;
			defaultConfigurationName = Release;
		};
		390A8E371E48345700018855 /* Build configuration list for PBXNativeTarget "IlliniLaundry" */ = {
			isa = XCConfigurationList;
			buildConfigurations = (
				390A8E381E48345700018855 /* Debug */,
				390A8E391E48345700018855 /* Release */,
			);
			defaultConfigurationIsVisible = 0;
			defaultConfigurationName = Release;
		};
		390A8E3A1E48345700018855 /* Build configuration list for PBXNativeTarget "IlliniLaundryTests" */ = {
			isa = XCConfigurationList;
			buildConfigurations = (
				390A8E3B1E48345700018855 /* Debug */,
				390A8E3C1E48345700018855 /* Release */,
			);
			defaultConfigurationIsVisible = 0;
			defaultConfigurationName = Release;
		};
		390A8E3D1E48345700018855 /* Build configuration list for PBXNativeTarget "IlliniLaundryUITests" */ = {
			isa = XCConfigurationList;
			buildConfigurations = (
				390A8E3E1E48345700018855 /* Debug */,
				390A8E3F1E48345700018855 /* Release */,
			);
			defaultConfigurationIsVisible = 0;
			defaultConfigurationName = Release;
		};
/* End XCConfigurationList section */
	};
	rootObject = 390A8E071E48345700018855 /* Project object */;
}
